
Microsoft Visual Studio Solution File, Format Version 12.00
# Visual Studio Version 16
VisualStudioVersion = 16.0.30011.22
MinimumVisualStudioVersion = 10.0.40219.1
Project("{FAE04EC0-301F-11D3-BF4B-00C04F79EFBC}") = "Mupl", "Mupl\Mupl.csproj", "{4F012534-3128-4072-904F-C54DED25AFDC}"
EndProject
Global
	GlobalSection(SolutionConfigurationPlatforms) = preSolution
		Debug|Any CPU = Debug|Any CPU
		Release|Any CPU = Release|Any CPU
	EndGlobalSection
	GlobalSection(ProjectConfigurationPlatforms) = postSolution
		{4F012534-3128-4072-904F-C54DED25AFDC}.Debug|Any CPU.ActiveCfg = Debug|Any CPU
		{4F012534-3128-4072-904F-C54DED25AFDC}.Debug|Any CPU.Build.0 = Debug|Any CPU
		{4F012534-3128-4072-904F-C54DED25AFDC}.Release|Any CPU.ActiveCfg = Release|Any CPU
		{4F012534-3128-4072-904F-C54DED25AFDC}.Release|Any CPU.Build.0 = Release|Any CPU
	EndGlobalSection
	GlobalSection(SolutionProperties) = preSolution
		HideSolutionNode = FALSE
	EndGlobalSection
	GlobalSection(ExtensibilityGlobals) = postSolution
		SolutionGuid = {8EFB0406-F928-4724-BBF1-D742229F2AA4}
	EndGlobalSection
EndGlobal
